<?xml version="1.0" encoding="utf-8"?>
<Project ToolsVersion="4.0" xmlns="http://schemas.microsoft.com/developer/msbuild/2003">
  <ItemGroup>
    <Filter Include="Header">
      <UniqueIdentifier>{453addcd-7df2-419b-9806-a8f14f333c55}</UniqueIdentifier>
    </Filter>
    <Filter Include="Source">
      <UniqueIdentifier>{5a25f13c-5a81-409a-a1af-e418a7f8f76e}</UniqueIdentifier>
    </Filter>
    <Filter Include="Resource Files">
      <UniqueIdentifier>{bf1d5406-6de6-4ec1-8b77-503cdff86464}</UniqueIdentifier>
    </Filter>
    <Filter Include="Shader">
      <UniqueIdentifier>{4de3f8ac-b6f6-4eb1-a7c4-ec390c63b3db}</UniqueIdentifier>
    </Filter>
    <Filter Include="ImGui">
      <UniqueIdentifier>{4da0e558-0c45-4086-bdbd-d723d7f7deba}</UniqueIdentifier>
    </Filter>
    <Filter Include="Math">
      <UniqueIdentifier>{88333611-30c1-4cc4-a88b-6dc047e53af8}</UniqueIdentifier>
    </Filter>
  </ItemGroup>
  <ItemGroup>
    <ClCompile Include="KCore.cpp">
      <Filter>Source</Filter>
    </ClCompile>
    <ClCompile Include="KDevice.cpp">
      <Filter>Source</Filter>
    </ClCompile>
    <ClCompile Include="KInput.cpp">
      <Filter>Source</Filter>
    </ClCompile>
    <ClCompile Include="KSound.cpp">
      <Filter>Source</Filter>
    </ClCompile>
    <ClCompile Include="KTimer.cpp">
      <Filter>Source</Filter>
    </ClCompile>
    <ClCompile Include="KWindow.cpp">
      <Filter>Source</Filter>
    </ClCompile>
    <ClCompile Include="KWrite.cpp">
      <Filter>Source</Filter>
    </ClCompile>
    <ClCompile Include="KState.cpp">
      <Filter>Source</Filter>
    </ClCompile>
    <ClCompile Include="ImGuiManager.cpp">
      <Filter>Source</Filter>
    </ClCompile>
    <ClCompile Include="ImGui\imgui.cpp">
      <Filter>ImGui</Filter>
    </ClCompile>
    <ClCompile Include="ImGui\imgui_demo.cpp">
      <Filter>ImGui</Filter>
    </ClCompile>
    <ClCompile Include="ImGui\imgui_draw.cpp">
      <Filter>ImGui</Filter>
    </ClCompile>
    <ClCompile Include="ImGui\imgui_impl_dx11.cpp">
      <Filter>ImGui</Filter>
    </ClCompile>
    <ClCompile Include="ImGui\imgui_impl_win32.cpp">
      <Filter>ImGui</Filter>
    </ClCompile>
    <ClCompile Include="ImGui\imgui_widgets.cpp">
      <Filter>ImGui</Filter>
    </ClCompile>
    <ClCompile Include="KCamera.cpp">
      <Filter>Source</Filter>
    </ClCompile>
    <ClCompile Include="Math\KMath.cpp">
      <Filter>Math</Filter>
    </ClCompile>
  </ItemGroup>
  <ItemGroup>
    <ClInclude Include="KCore.h">
      <Filter>Header</Filter>
    </ClInclude>
    <ClInclude Include="KDevice.h">
      <Filter>Header</Filter>
    </ClInclude>
    <ClInclude Include="KInput.h">
      <Filter>Header</Filter>
    </ClInclude>
    <ClInclude Include="KSound.h">
      <Filter>Header</Filter>
    </ClInclude>
    <ClInclude Include="KStd.h">
      <Filter>Header</Filter>
    </ClInclude>
    <ClInclude Include="KTimer.h">
      <Filter>Header</Filter>
    </ClInclude>
    <ClInclude Include="KWindow.h">
      <Filter>Header</Filter>
    </ClInclude>
    <ClInclude Include="KWrite.h">
      <Filter>Header</Filter>
    </ClInclude>
    <ClInclude Include="KState.h">
      <Filter>Header</Filter>
    </ClInclude>
    <ClInclude Include="ImGuiManager.h">
      <Filter>Header</Filter>
    </ClInclude>
    <ClInclude Include="ImGui\imconfig.h">
      <Filter>ImGui</Filter>
    </ClInclude>
    <ClInclude Include="ImGui\imgui.h">
      <Filter>ImGui</Filter>
    </ClInclude>
    <ClInclude Include="ImGui\imgui_impl_dx11.h">
      <Filter>ImGui</Filter>
    </ClInclude>
    <ClInclude Include="ImGui\imgui_impl_win32.h">
      <Filter>ImGui</Filter>
    </ClInclude>
    <ClInclude Include="ImGui\imgui_internal.h">
      <Filter>ImGui</Filter>
    </ClInclude>
    <ClInclude Include="ImGui\imstb_rectpack.h">
      <Filter>ImGui</Filter>
    </ClInclude>
    <ClInclude Include="ImGui\imstb_textedit.h">
      <Filter>ImGui</Filter>
    </ClInclude>
    <ClInclude Include="ImGui\imstb_truetype.h">
      <Filter>ImGui</Filter>
    </ClInclude>
    <ClInclude Include="KCamera.h">
      <Filter>Header</Filter>
    </ClInclude>
    <ClInclude Include="Math\KMath.h">
      <Filter>Math</Filter>
    </ClInclude>
    <ClInclude Include="resource.h">
      <Filter>Resource Files</Filter>
    </ClInclude>
  </ItemGroup>
  <ItemGroup>
    <FxCompile Include="VertexShader.hlsl">
      <Filter>Shader</Filter>
    </FxCompile>
    <FxCompile Include="PixelShader.hlsl">
      <Filter>Shader</Filter>
    </FxCompile>
  </ItemGroup>
  <ItemGroup>
    <ResourceCompile Include="KD3DLib.rc">
      <Filter>Resource Files</Filter>
    </ResourceCompile>
  </ItemGroup>
  <ItemGroup>
    <Image Include="C:\Users\kgca4021\OneDrive - nsu.ac.kr\DD_ICON.ico">
      <Filter>Resource Files</Filter>
    </Image>
  </ItemGroup>
</Project>