
Microsoft Visual Studio Solution File, Format Version 12.00
# Visual Studio Version 16
VisualStudioVersion = 16.0.31624.102
MinimumVisualStudioVersion = 10.0.40219.1
Project("{2150E333-8FDC-42A3-9474-1A3956D46DE8}") = "Common", "Common", "{AA400B9A-D3CE-45F6-B1E2-6FBF8BBD3E0D}"
EndProject
Project("{8BC9CEB8-8B4A-11D0-8D11-00A0C91BC942}") = "Xnamath1", "Xnamath1\Xnamath1.vcxproj", "{4B550E97-A885-44B5-ACE2-BDE46EB87BD4}"
EndProject
Project("{8BC9CEB8-8B4A-11D0-8D11-00A0C91BC942}") = "tbsMaxExporter", "E:\Choijiwon\01_TBasis3D\trunk\tbsMaxExporter\tbsMaxExporter.vcxproj", "{BA67F3E9-5F8F-44D5-9B7C-74324317BF75}"
EndProject
Project("{8BC9CEB8-8B4A-11D0-8D11-00A0C91BC942}") = "KEngine", "KEngine\EngineCoreD.vcxproj", "{CFE19E10-217F-4F3C-BC30-E2625C7249B6}"
EndProject
Project("{8BC9CEB8-8B4A-11D0-8D11-00A0C91BC942}") = "Sample_LightShadow", "Sample_LightShadow\Sample_LightShadow.vcxproj", "{FCFC656A-F50B-461C-B1CC-1613297BC3F3}"
EndProject
Global
	GlobalSection(SolutionConfigurationPlatforms) = preSolution
		Debug|x64 = Debug|x64
		Debug|x86 = Debug|x86
		Release|x64 = Release|x64
		Release|x86 = Release|x86
	EndGlobalSection
	GlobalSection(ProjectConfigurationPlatforms) = postSolution
		{4B550E97-A885-44B5-ACE2-BDE46EB87BD4}.Debug|x64.ActiveCfg = Debug|x64
		{4B550E97-A885-44B5-ACE2-BDE46EB87BD4}.Debug|x64.Build.0 = Debug|x64
		{4B550E97-A885-44B5-ACE2-BDE46EB87BD4}.Debug|x86.ActiveCfg = Debug|Win32
		{4B550E97-A885-44B5-ACE2-BDE46EB87BD4}.Debug|x86.Build.0 = Debug|Win32
		{4B550E97-A885-44B5-ACE2-BDE46EB87BD4}.Release|x64.ActiveCfg = Release|x64
		{4B550E97-A885-44B5-ACE2-BDE46EB87BD4}.Release|x64.Build.0 = Release|x64
		{4B550E97-A885-44B5-ACE2-BDE46EB87BD4}.Release|x86.ActiveCfg = Release|Win32
		{4B550E97-A885-44B5-ACE2-BDE46EB87BD4}.Release|x86.Build.0 = Release|Win32
		{BA67F3E9-5F8F-44D5-9B7C-74324317BF75}.Debug|x64.ActiveCfg = Debug|x64
		{BA67F3E9-5F8F-44D5-9B7C-74324317BF75}.Debug|x64.Build.0 = Debug|x64
		{BA67F3E9-5F8F-44D5-9B7C-74324317BF75}.Debug|x86.ActiveCfg = Debug|Win32
		{BA67F3E9-5F8F-44D5-9B7C-74324317BF75}.Debug|x86.Build.0 = Debug|Win32
		{BA67F3E9-5F8F-44D5-9B7C-74324317BF75}.Release|x64.ActiveCfg = Release|x64
		{BA67F3E9-5F8F-44D5-9B7C-74324317BF75}.Release|x64.Build.0 = Release|x64
		{BA67F3E9-5F8F-44D5-9B7C-74324317BF75}.Release|x86.ActiveCfg = Release|Win32
		{BA67F3E9-5F8F-44D5-9B7C-74324317BF75}.Release|x86.Build.0 = Release|Win32
		{CFE19E10-217F-4F3C-BC30-E2625C7249B6}.Debug|x64.ActiveCfg = Debug|x64
		{CFE19E10-217F-4F3C-BC30-E2625C7249B6}.Debug|x64.Build.0 = Debug|x64
		{CFE19E10-217F-4F3C-BC30-E2625C7249B6}.Debug|x86.ActiveCfg = Debug|Win32
		{CFE19E10-217F-4F3C-BC30-E2625C7249B6}.Debug|x86.Build.0 = Debug|Win32
		{CFE19E10-217F-4F3C-BC30-E2625C7249B6}.Release|x64.ActiveCfg = Release|x64
		{CFE19E10-217F-4F3C-BC30-E2625C7249B6}.Release|x64.Build.0 = Release|x64
		{CFE19E10-217F-4F3C-BC30-E2625C7249B6}.Release|x86.ActiveCfg = Release|Win32
		{CFE19E10-217F-4F3C-BC30-E2625C7249B6}.Release|x86.Build.0 = Release|Win32
		{FCFC656A-F50B-461C-B1CC-1613297BC3F3}.Debug|x64.ActiveCfg = Debug|x64
		{FCFC656A-F50B-461C-B1CC-1613297BC3F3}.Debug|x64.Build.0 = Debug|x64
		{FCFC656A-F50B-461C-B1CC-1613297BC3F3}.Debug|x86.ActiveCfg = Debug|Win32
		{FCFC656A-F50B-461C-B1CC-1613297BC3F3}.Debug|x86.Build.0 = Debug|Win32
		{FCFC656A-F50B-461C-B1CC-1613297BC3F3}.Release|x64.ActiveCfg = Release|x64
		{FCFC656A-F50B-461C-B1CC-1613297BC3F3}.Release|x64.Build.0 = Release|x64
		{FCFC656A-F50B-461C-B1CC-1613297BC3F3}.Release|x86.ActiveCfg = Release|Win32
		{FCFC656A-F50B-461C-B1CC-1613297BC3F3}.Release|x86.Build.0 = Release|Win32
	EndGlobalSection
	GlobalSection(SolutionProperties) = preSolution
		HideSolutionNode = FALSE
	EndGlobalSection
	GlobalSection(NestedProjects) = preSolution
		{4B550E97-A885-44B5-ACE2-BDE46EB87BD4} = {AA400B9A-D3CE-45F6-B1E2-6FBF8BBD3E0D}
		{BA67F3E9-5F8F-44D5-9B7C-74324317BF75} = {AA400B9A-D3CE-45F6-B1E2-6FBF8BBD3E0D}
	EndGlobalSection
	GlobalSection(ExtensibilityGlobals) = postSolution
		SolutionGuid = {83EA692A-0F9B-4501-8A2E-9F5B261A479E}
	EndGlobalSection
EndGlobal
