
Microsoft Visual Studio Solution File, Format Version 12.00
# Visual Studio Version 16
VisualStudioVersion = 16.0.31624.102
MinimumVisualStudioVersion = 10.0.40219.1
Project("{2150E333-8FDC-42A3-9474-1A3956D46DE8}") = "Common", "Common", "{AA400B9A-D3CE-45F6-B1E2-6FBF8BBD3E0D}"
EndProject
Project("{8BC9CEB8-8B4A-11D0-8D11-00A0C91BC942}") = "Xnamath1", "Xnamath1\Xnamath1.vcxproj", "{4B550E97-A885-44B5-ACE2-BDE46EB87BD4}"
EndProject
Project("{8BC9CEB8-8B4A-11D0-8D11-00A0C91BC942}") = "tbsMaxExporter", "E:\Choijiwon\01_TBasis3D\trunk\tbsMaxExporter\tbsMaxExporter.vcxproj", "{BA67F3E9-5F8F-44D5-9B7C-74324317BF75}"
EndProject
Project("{8BC9CEB8-8B4A-11D0-8D11-00A0C91BC942}") = "Sample_imgui", "Sample_imGui\Sample_imgui.vcxproj", "{A1A9D353-3F8E-4680-8AF6-1129E69622A5}"
EndProject
Project("{8BC9CEB8-8B4A-11D0-8D11-00A0C91BC942}") = "Sample_Camera", "Sample_Camera\Sample_Camera.vcxproj", "{D4F20133-0D50-4AB8-8328-94AB50C370D9}"
EndProject
Project("{8BC9CEB8-8B4A-11D0-8D11-00A0C91BC942}") = "KD3DLib", "KD3DLib\KD3DLib.vcxproj", "{05E37C1F-188E-4374-969E-60582876A434}"
EndProject
Project("{8BC9CEB8-8B4A-11D0-8D11-00A0C91BC942}") = "Sample_DXInput", "Sample_Input\Sample_Input.vcxproj", "{9BCA1F59-11AF-4173-B694-446E25201B15}"
EndProject
Project("{8BC9CEB8-8B4A-11D0-8D11-00A0C91BC942}") = "Sample_Environment", "Sample_Environment\Sample_Environment.vcxproj", "{63A5B67F-EC0B-4C20-A928-659F66E6B87B}"
EndProject
Global
	GlobalSection(SolutionConfigurationPlatforms) = preSolution
		Debug|x64 = Debug|x64
		Debug|x86 = Debug|x86
		Release|x64 = Release|x64
		Release|x86 = Release|x86
	EndGlobalSection
	GlobalSection(ProjectConfigurationPlatforms) = postSolution
		{4B550E97-A885-44B5-ACE2-BDE46EB87BD4}.Debug|x64.ActiveCfg = Debug|x64
		{4B550E97-A885-44B5-ACE2-BDE46EB87BD4}.Debug|x64.Build.0 = Debug|x64
		{4B550E97-A885-44B5-ACE2-BDE46EB87BD4}.Debug|x86.ActiveCfg = Debug|Win32
		{4B550E97-A885-44B5-ACE2-BDE46EB87BD4}.Debug|x86.Build.0 = Debug|Win32
		{4B550E97-A885-44B5-ACE2-BDE46EB87BD4}.Release|x64.ActiveCfg = Release|x64
		{4B550E97-A885-44B5-ACE2-BDE46EB87BD4}.Release|x64.Build.0 = Release|x64
		{4B550E97-A885-44B5-ACE2-BDE46EB87BD4}.Release|x86.ActiveCfg = Release|Win32
		{4B550E97-A885-44B5-ACE2-BDE46EB87BD4}.Release|x86.Build.0 = Release|Win32
		{BA67F3E9-5F8F-44D5-9B7C-74324317BF75}.Debug|x64.ActiveCfg = Debug|x64
		{BA67F3E9-5F8F-44D5-9B7C-74324317BF75}.Debug|x64.Build.0 = Debug|x64
		{BA67F3E9-5F8F-44D5-9B7C-74324317BF75}.Debug|x86.ActiveCfg = Debug|Win32
		{BA67F3E9-5F8F-44D5-9B7C-74324317BF75}.Debug|x86.Build.0 = Debug|Win32
		{BA67F3E9-5F8F-44D5-9B7C-74324317BF75}.Release|x64.ActiveCfg = Release|x64
		{BA67F3E9-5F8F-44D5-9B7C-74324317BF75}.Release|x64.Build.0 = Release|x64
		{BA67F3E9-5F8F-44D5-9B7C-74324317BF75}.Release|x86.ActiveCfg = Release|Win32
		{BA67F3E9-5F8F-44D5-9B7C-74324317BF75}.Release|x86.Build.0 = Release|Win32
		{A1A9D353-3F8E-4680-8AF6-1129E69622A5}.Debug|x64.ActiveCfg = Debug|x64
		{A1A9D353-3F8E-4680-8AF6-1129E69622A5}.Debug|x64.Build.0 = Debug|x64
		{A1A9D353-3F8E-4680-8AF6-1129E69622A5}.Debug|x86.ActiveCfg = Debug|Win32
		{A1A9D353-3F8E-4680-8AF6-1129E69622A5}.Debug|x86.Build.0 = Debug|Win32
		{A1A9D353-3F8E-4680-8AF6-1129E69622A5}.Release|x64.ActiveCfg = Release|x64
		{A1A9D353-3F8E-4680-8AF6-1129E69622A5}.Release|x64.Build.0 = Release|x64
		{A1A9D353-3F8E-4680-8AF6-1129E69622A5}.Release|x86.ActiveCfg = Release|Win32
		{A1A9D353-3F8E-4680-8AF6-1129E69622A5}.Release|x86.Build.0 = Release|Win32
		{D4F20133-0D50-4AB8-8328-94AB50C370D9}.Debug|x64.ActiveCfg = Debug|x64
		{D4F20133-0D50-4AB8-8328-94AB50C370D9}.Debug|x64.Build.0 = Debug|x64
		{D4F20133-0D50-4AB8-8328-94AB50C370D9}.Debug|x86.ActiveCfg = Debug|Win32
		{D4F20133-0D50-4AB8-8328-94AB50C370D9}.Debug|x86.Build.0 = Debug|Win32
		{D4F20133-0D50-4AB8-8328-94AB50C370D9}.Release|x64.ActiveCfg = Release|x64
		{D4F20133-0D50-4AB8-8328-94AB50C370D9}.Release|x64.Build.0 = Release|x64
		{D4F20133-0D50-4AB8-8328-94AB50C370D9}.Release|x86.ActiveCfg = Release|Win32
		{D4F20133-0D50-4AB8-8328-94AB50C370D9}.Release|x86.Build.0 = Release|Win32
		{05E37C1F-188E-4374-969E-60582876A434}.Debug|x64.ActiveCfg = Debug|x64
		{05E37C1F-188E-4374-969E-60582876A434}.Debug|x64.Build.0 = Debug|x64
		{05E37C1F-188E-4374-969E-60582876A434}.Debug|x86.ActiveCfg = Debug|Win32
		{05E37C1F-188E-4374-969E-60582876A434}.Debug|x86.Build.0 = Debug|Win32
		{05E37C1F-188E-4374-969E-60582876A434}.Release|x64.ActiveCfg = Release|x64
		{05E37C1F-188E-4374-969E-60582876A434}.Release|x64.Build.0 = Release|x64
		{05E37C1F-188E-4374-969E-60582876A434}.Release|x86.ActiveCfg = Release|Win32
		{05E37C1F-188E-4374-969E-60582876A434}.Release|x86.Build.0 = Release|Win32
		{9BCA1F59-11AF-4173-B694-446E25201B15}.Debug|x64.ActiveCfg = Debug|x64
		{9BCA1F59-11AF-4173-B694-446E25201B15}.Debug|x64.Build.0 = Debug|x64
		{9BCA1F59-11AF-4173-B694-446E25201B15}.Debug|x86.ActiveCfg = Debug|Win32
		{9BCA1F59-11AF-4173-B694-446E25201B15}.Debug|x86.Build.0 = Debug|Win32
		{9BCA1F59-11AF-4173-B694-446E25201B15}.Release|x64.ActiveCfg = Release|x64
		{9BCA1F59-11AF-4173-B694-446E25201B15}.Release|x64.Build.0 = Release|x64
		{9BCA1F59-11AF-4173-B694-446E25201B15}.Release|x86.ActiveCfg = Release|Win32
		{9BCA1F59-11AF-4173-B694-446E25201B15}.Release|x86.Build.0 = Release|Win32
		{63A5B67F-EC0B-4C20-A928-659F66E6B87B}.Debug|x64.ActiveCfg = Debug|x64
		{63A5B67F-EC0B-4C20-A928-659F66E6B87B}.Debug|x64.Build.0 = Debug|x64
		{63A5B67F-EC0B-4C20-A928-659F66E6B87B}.Debug|x86.ActiveCfg = Debug|Win32
		{63A5B67F-EC0B-4C20-A928-659F66E6B87B}.Debug|x86.Build.0 = Debug|Win32
		{63A5B67F-EC0B-4C20-A928-659F66E6B87B}.Release|x64.ActiveCfg = Release|x64
		{63A5B67F-EC0B-4C20-A928-659F66E6B87B}.Release|x64.Build.0 = Release|x64
		{63A5B67F-EC0B-4C20-A928-659F66E6B87B}.Release|x86.ActiveCfg = Release|Win32
		{63A5B67F-EC0B-4C20-A928-659F66E6B87B}.Release|x86.Build.0 = Release|Win32
	EndGlobalSection
	GlobalSection(SolutionProperties) = preSolution
		HideSolutionNode = FALSE
	EndGlobalSection
	GlobalSection(NestedProjects) = preSolution
		{4B550E97-A885-44B5-ACE2-BDE46EB87BD4} = {AA400B9A-D3CE-45F6-B1E2-6FBF8BBD3E0D}
		{BA67F3E9-5F8F-44D5-9B7C-74324317BF75} = {AA400B9A-D3CE-45F6-B1E2-6FBF8BBD3E0D}
		{A1A9D353-3F8E-4680-8AF6-1129E69622A5} = {AA400B9A-D3CE-45F6-B1E2-6FBF8BBD3E0D}
		{D4F20133-0D50-4AB8-8328-94AB50C370D9} = {AA400B9A-D3CE-45F6-B1E2-6FBF8BBD3E0D}
		{9BCA1F59-11AF-4173-B694-446E25201B15} = {AA400B9A-D3CE-45F6-B1E2-6FBF8BBD3E0D}
	EndGlobalSection
	GlobalSection(ExtensibilityGlobals) = postSolution
		SolutionGuid = {83EA692A-0F9B-4501-8A2E-9F5B261A479E}
	EndGlobalSection
EndGlobal
