<?xml version="1.0" encoding="utf-8"?>
<Project ToolsVersion="4.0" xmlns="http://schemas.microsoft.com/developer/msbuild/2003">
  <ItemGroup>
    <Filter Include="소스 파일">
      <UniqueIdentifier>{4FC737F1-C7A5-4376-A066-2A32D752A2FF}</UniqueIdentifier>
      <Extensions>cpp;c;cc;cxx;c++;cppm;ixx;def;odl;idl;hpj;bat;asm;asmx</Extensions>
    </Filter>
    <Filter Include="헤더 파일">
      <UniqueIdentifier>{93995380-89BD-4b04-88EB-625FBE52EBFB}</UniqueIdentifier>
      <Extensions>h;hh;hpp;hxx;h++;hm;inl;inc;ipp;xsd</Extensions>
    </Filter>
    <Filter Include="리소스 파일">
      <UniqueIdentifier>{67DA6AB6-F800-4c08-8B7A-83BB121AAD01}</UniqueIdentifier>
      <Extensions>rc;ico;cur;bmp;dlg;rc2;rct;bin;rgs;gif;jpg;jpeg;jpe;resx;tiff;tif;png;wav;mfcribbon-ms</Extensions>
    </Filter>
    <Filter Include="Legacy">
      <UniqueIdentifier>{c822b8a9-919c-4b60-8bd1-8d1e2945d7fc}</UniqueIdentifier>
    </Filter>
    <Filter Include="Shader">
      <UniqueIdentifier>{ae5ce30c-3391-45a2-a1df-153f1a3ad72c}</UniqueIdentifier>
    </Filter>
  </ItemGroup>
  <ItemGroup>
    <ClCompile Include="KCore.cpp">
      <Filter>소스 파일</Filter>
    </ClCompile>
    <ClCompile Include="KDevice.cpp">
      <Filter>소스 파일</Filter>
    </ClCompile>
    <ClCompile Include="KInput.cpp">
      <Filter>소스 파일</Filter>
    </ClCompile>
    <ClCompile Include="KSound.cpp">
      <Filter>소스 파일</Filter>
    </ClCompile>
    <ClCompile Include="KTimer.cpp">
      <Filter>소스 파일</Filter>
    </ClCompile>
    <ClCompile Include="KWindow.cpp">
      <Filter>소스 파일</Filter>
    </ClCompile>
    <ClCompile Include="KWrite.cpp">
      <Filter>소스 파일</Filter>
    </ClCompile>
    <ClCompile Include="KMath.cpp">
      <Filter>소스 파일</Filter>
    </ClCompile>
    <ClCompile Include="KCamera.cpp">
      <Filter>소스 파일</Filter>
    </ClCompile>
    <ClCompile Include="KMap.cpp">
      <Filter>소스 파일</Filter>
    </ClCompile>
    <ClCompile Include="KModel.cpp">
      <Filter>소스 파일</Filter>
    </ClCompile>
    <ClCompile Include="KNode.cpp">
      <Filter>소스 파일</Filter>
    </ClCompile>
    <ClCompile Include="KQuadtree.cpp">
      <Filter>소스 파일</Filter>
    </ClCompile>
    <ClCompile Include="KDXState.cpp">
      <Filter>소스 파일</Filter>
    </ClCompile>
    <ClCompile Include="KShape.cpp">
      <Filter>소스 파일</Filter>
    </ClCompile>
    <ClCompile Include="KTexture.cpp">
      <Filter>소스 파일</Filter>
    </ClCompile>
    <ClCompile Include="KFbxObj.cpp">
      <Filter>소스 파일</Filter>
    </ClCompile>
    <ClCompile Include="KFbxMeshData.cpp">
      <Filter>소스 파일</Filter>
    </ClCompile>
    <ClCompile Include="KDepthStencil.cpp">
      <Filter>소스 파일</Filter>
    </ClCompile>
    <ClCompile Include="KFbxAnimation.cpp">
      <Filter>소스 파일</Filter>
    </ClCompile>
    <ClCompile Include="KMesh.cpp">
      <Filter>소스 파일</Filter>
    </ClCompile>
    <ClCompile Include="KRenderTarget.cpp">
      <Filter>소스 파일</Filter>
    </ClCompile>
  </ItemGroup>
  <ItemGroup>
    <ClInclude Include="KCore.h">
      <Filter>헤더 파일</Filter>
    </ClInclude>
    <ClInclude Include="KDevice.h">
      <Filter>헤더 파일</Filter>
    </ClInclude>
    <ClInclude Include="KInput.h">
      <Filter>헤더 파일</Filter>
    </ClInclude>
    <ClInclude Include="KSound.h">
      <Filter>헤더 파일</Filter>
    </ClInclude>
    <ClInclude Include="KStd.h">
      <Filter>헤더 파일</Filter>
    </ClInclude>
    <ClInclude Include="KTimer.h">
      <Filter>헤더 파일</Filter>
    </ClInclude>
    <ClInclude Include="KWindow.h">
      <Filter>헤더 파일</Filter>
    </ClInclude>
    <ClInclude Include="KWrite.h">
      <Filter>헤더 파일</Filter>
    </ClInclude>
    <ClInclude Include="KMath.h">
      <Filter>헤더 파일</Filter>
    </ClInclude>
    <ClInclude Include="KCamera.h">
      <Filter>헤더 파일</Filter>
    </ClInclude>
    <ClInclude Include="KMap.h">
      <Filter>헤더 파일</Filter>
    </ClInclude>
    <ClInclude Include="KModel.h">
      <Filter>헤더 파일</Filter>
    </ClInclude>
    <ClInclude Include="KNode.h">
      <Filter>헤더 파일</Filter>
    </ClInclude>
    <ClInclude Include="KQuadtree.h">
      <Filter>헤더 파일</Filter>
    </ClInclude>
    <ClInclude Include="KDXState.h">
      <Filter>헤더 파일</Filter>
    </ClInclude>
    <ClInclude Include="KShape.h">
      <Filter>헤더 파일</Filter>
    </ClInclude>
    <ClInclude Include="KTexture.h">
      <Filter>헤더 파일</Filter>
    </ClInclude>
    <ClInclude Include="KFbxObj.h">
      <Filter>헤더 파일</Filter>
    </ClInclude>
    <ClInclude Include="KDepthStencil.h">
      <Filter>헤더 파일</Filter>
    </ClInclude>
    <ClInclude Include="KMesh.h">
      <Filter>헤더 파일</Filter>
    </ClInclude>
    <ClInclude Include="KRenderTarget.h">
      <Filter>헤더 파일</Filter>
    </ClInclude>
  </ItemGroup>
  <ItemGroup>
    <None Include="ClassDiagram1.cd" />
  </ItemGroup>
  <ItemGroup>
    <Text Include="..\..\..\..\KGCA\KGCA40\data\shader\box.txt">
      <Filter>Shader</Filter>
    </Text>
    <Text Include="..\..\..\..\KGCA\KGCA40\data\shader\PC_PS.txt">
      <Filter>Shader</Filter>
    </Text>
    <Text Include="..\..\..\..\KGCA\KGCA40\data\shader\PC_VS.txt">
      <Filter>Shader</Filter>
    </Text>
    <Text Include="..\..\..\..\KGCA\KGCA40\data\shader\PixelShader.txt">
      <Filter>Shader</Filter>
    </Text>
    <Text Include="..\..\..\..\KGCA\KGCA40\data\shader\VertexShader.txt">
      <Filter>Shader</Filter>
    </Text>
    <Text Include="..\..\data\shader\PlanePS.txt">
      <Filter>Shader</Filter>
    </Text>
    <Text Include="..\..\data\shader\PlaneVS.txt">
      <Filter>Shader</Filter>
    </Text>
  </ItemGroup>
  <ItemGroup>
    <FxCompile Include="..\..\..\..\KGCA\KGCA40\data\shader\DefaultShader.hlsl">
      <Filter>Shader</Filter>
    </FxCompile>
  </ItemGroup>
</Project>